
Microsoft Visual Studio Solution File, Format Version 12.00
# Visual Studio Version 17
VisualStudioVersion = 17.9.34728.123
MinimumVisualStudioVersion = 10.0.40219.1
Project("{FAE04EC0-301F-11D3-BF4B-00C04F79EFBC}") = "Desktop_POC_Application", "Desktop_POC_Application\Desktop_POC_Application.csproj", "{FA124AC0-7DE9-47C8-98DE-7A043EE90F2A}"
EndProject
Global
	GlobalSection(SolutionConfigurationPlatforms) = preSolution
		Debug|Any CPU = Debug|Any CPU
		Release|Any CPU = Release|Any CPU
	EndGlobalSection
	GlobalSection(ProjectConfigurationPlatforms) = postSolution
		{FA124AC0-7DE9-47C8-98DE-7A043EE90F2A}.Debug|Any CPU.ActiveCfg = Debug|Any CPU
		{FA124AC0-7DE9-47C8-98DE-7A043EE90F2A}.Debug|Any CPU.Build.0 = Debug|Any CPU
		{FA124AC0-7DE9-47C8-98DE-7A043EE90F2A}.Debug|Any CPU.Deploy.0 = Debug|Any CPU
		{FA124AC0-7DE9-47C8-98DE-7A043EE90F2A}.Release|Any CPU.ActiveCfg = Release|Any CPU
		{FA124AC0-7DE9-47C8-98DE-7A043EE90F2A}.Release|Any CPU.Build.0 = Release|Any CPU
		{FA124AC0-7DE9-47C8-98DE-7A043EE90F2A}.Release|Any CPU.Deploy.0 = Release|Any CPU
	EndGlobalSection
	GlobalSection(SolutionProperties) = preSolution
		HideSolutionNode = FALSE
	EndGlobalSection
	GlobalSection(ExtensibilityGlobals) = postSolution
		SolutionGuid = {D62F6BE7-1F6B-4D33-B5E4-C1B1B2DD7A66}
	EndGlobalSection
EndGlobal
